
Microsoft Visual Studio Solution File, Format Version 12.00
# Visual Studio 2013
VisualStudioVersion = 12.0.21005.1
MinimumVisualStudioVersion = 10.0.40219.1
Project("{FAE04EC0-301F-11D3-BF4B-00C04F79EFBC}") = "FormsTarget", "FormsTarget\FormsTarget.csproj", "{0AAEF61F-AAC1-48EB-9244-63E79120BD63}"
EndProject
Project("{FAE04EC0-301F-11D3-BF4B-00C04F79EFBC}") = "Test", "Test\Test.csproj", "{E736A082-046F-4B3A-83A2-A3D22042C18B}"
EndProject
Global
	GlobalSection(SolutionConfigurationPlatforms) = preSolution
		Debug|Any CPU = Debug|Any CPU
		Release|Any CPU = Release|Any CPU
	EndGlobalSection
	GlobalSection(ProjectConfigurationPlatforms) = postSolution
		{0AAEF61F-AAC1-48EB-9244-63E79120BD63}.Debug|Any CPU.ActiveCfg = Debug|Any CPU
		{0AAEF61F-AAC1-48EB-9244-63E79120BD63}.Debug|Any CPU.Build.0 = Debug|Any CPU
		{0AAEF61F-AAC1-48EB-9244-63E79120BD63}.Release|Any CPU.ActiveCfg = Release|Any CPU
		{0AAEF61F-AAC1-48EB-9244-63E79120BD63}.Release|Any CPU.Build.0 = Release|Any CPU
		{E736A082-046F-4B3A-83A2-A3D22042C18B}.Debug|Any CPU.ActiveCfg = Debug|Any CPU
		{E736A082-046F-4B3A-83A2-A3D22042C18B}.Debug|Any CPU.Build.0 = Debug|Any CPU
		{E736A082-046F-4B3A-83A2-A3D22042C18B}.Release|Any CPU.ActiveCfg = Release|Any CPU
		{E736A082-046F-4B3A-83A2-A3D22042C18B}.Release|Any CPU.Build.0 = Release|Any CPU
	EndGlobalSection
	GlobalSection(SolutionProperties) = preSolution
		HideSolutionNode = FALSE
	EndGlobalSection
EndGlobal
